Microsoft Visual Studio Solution File, Format Version 12.00
# Visual Studio Version 17
VisualStudioVersion = 17.5.2.0
MinimumVisualStudioVersion = 10.0.40219.1
Project("{FAE04EC0-301F-11D3-BF4B-00C04F79EFBC}") = "InsertCsvData", "InsertCsvData.csproj", "{CF914DCE-F0DF-789A-C919-2F12272805EF}"
EndProject
Global
	GlobalSection(SolutionConfigurationPlatforms) = preSolution
		Debug|Any CPU = Debug|Any CPU
		Release|Any CPU = Release|Any CPU
	EndGlobalSection
	GlobalSection(ProjectConfigurationPlatforms) = postSolution
		{CF914DCE-F0DF-789A-C919-2F12272805EF}.Debug|Any CPU.ActiveCfg = Debug|Any CPU
		{CF914DCE-F0DF-789A-C919-2F12272805EF}.Debug|Any CPU.Build.0 = Debug|Any CPU
		{CF914DCE-F0DF-789A-C919-2F12272805EF}.Release|Any CPU.ActiveCfg = Release|Any CPU
		{CF914DCE-F0DF-789A-C919-2F12272805EF}.Release|Any CPU.Build.0 = Release|Any CPU
	EndGlobalSection
	GlobalSection(SolutionProperties) = preSolution
		HideSolutionNode = FALSE
	EndGlobalSection
	GlobalSection(ExtensibilityGlobals) = postSolution
		SolutionGuid = {5AFFEACF-5765-4BA8-8AA3-42150C35AB0E}
	EndGlobalSection
EndGlobal
